<?xml version="1.0" encoding="utf-8"?>
<Project ToolsVersion="4.0" xmlns="http://schemas.microsoft.com/developer/msbuild/2003">
  <ItemGroup>
    <Filter Include="Source Files">
      <UniqueIdentifier>{4FC737F1-C7A5-4376-A066-2A32D752A2FF}</UniqueIdentifier>
      <Extensions>cpp;c;cc;cxx;c++;cppm;ixx;def;odl;idl;hpj;bat;asm;asmx</Extensions>
    </Filter>
    <Filter Include="Header Files">
      <UniqueIdentifier>{70725d9f-1e21-48d9-ad02-3bbc3c826268}</UniqueIdentifier>
      <Extensions>h;hpp;hxx;hm;inl</Extensions>
    </Filter>
    <Filter Include="Source Files\operations">
      <UniqueIdentifier>{650d8361-965b-4380-b410-e2c906add745}</UniqueIdentifier>
    </Filter>
    <Filter Include="Header Files\operations">
      <UniqueIdentifier>{fe6c97b0-5e88-42d9-b12f-1fa8063e23b9}</UniqueIdentifier>
    </Filter>
    <Filter Include="Header Files\public">
      <UniqueIdentifier>{f36eabff-4948-4353-89ad-aeb51afc3efc}</UniqueIdentifier>
    </Filter>
  </ItemGroup>
  <ItemGroup>
    <ClCompile Include="src\mysql_mm.cpp">
      <Filter>Source Files</Filter>
    </ClCompile>
    <ClCompile Include="src\database.cpp">
      <Filter>Source Files</Filter>
    </ClCompile>
    <ClCompile Include="src\operations\connect.cpp">
      <Filter>Source Files\operations</Filter>
    </ClCompile>
    <ClCompile Include="src\operations\query.cpp">
      <Filter>Source Files\operations</Filter>
    </ClCompile>
    <ClCompile Include="src\mysql_result.cpp">
      <Filter>Source Files</Filter>
    </ClCompile>
  </ItemGroup>
  <ItemGroup>
    <ClInclude Include="src\mysql_mm.h">
      <Filter>Header Files</Filter>
    </ClInclude>
    <ClInclude Include="src\database.h">
      <Filter>Header Files</Filter>
    </ClInclude>
    <ClInclude Include="src\operations\connect.h">
      <Filter>Header Files\operations</Filter>
    </ClInclude>
    <ClInclude Include="src\operations\query.h">
      <Filter>Header Files\operations</Filter>
    </ClInclude>
    <ClInclude Include="src\public\mysql_mm.h">
      <Filter>Header Files\public</Filter>
    </ClInclude>
    <ClInclude Include="src\mysql_result.h">
      <Filter>Header Files</Filter>
    </ClInclude>
  </ItemGroup>
</Project>